
Microsoft Visual Studio Solution File, Format Version 12.00
# Visual Studio 15
VisualStudioVersion = 15.0.28307.271
MinimumVisualStudioVersion = 10.0.40219.1
Project("{9A19103F-16F7-4668-BE54-9A1E7A4F7556}") = "Zoo", "Zoo\Zoo.csproj", "{10D78459-B664-429D-BCA4-3CEDFA25AB3D}"
EndProject
Project("{FAE04EC0-301F-11D3-BF4B-00C04F79EFBC}") = "XUnitTestZoo", "XUnitTestZoo\XUnitTestZoo.csproj", "{6BBD332F-F778-4D2E-90CB-E7C8FF95F2FD}"
EndProject
Global
	GlobalSection(SolutionConfigurationPlatforms) = preSolution
		Debug|Any CPU = Debug|Any CPU
		Release|Any CPU = Release|Any CPU
	EndGlobalSection
	GlobalSection(ProjectConfigurationPlatforms) = postSolution
		{10D78459-B664-429D-BCA4-3CEDFA25AB3D}.Debug|Any CPU.ActiveCfg = Debug|Any CPU
		{10D78459-B664-429D-BCA4-3CEDFA25AB3D}.Debug|Any CPU.Build.0 = Debug|Any CPU
		{10D78459-B664-429D-BCA4-3CEDFA25AB3D}.Release|Any CPU.ActiveCfg = Release|Any CPU
		{10D78459-B664-429D-BCA4-3CEDFA25AB3D}.Release|Any CPU.Build.0 = Release|Any CPU
		{6BBD332F-F778-4D2E-90CB-E7C8FF95F2FD}.Debug|Any CPU.ActiveCfg = Debug|Any CPU
		{6BBD332F-F778-4D2E-90CB-E7C8FF95F2FD}.Debug|Any CPU.Build.0 = Debug|Any CPU
		{6BBD332F-F778-4D2E-90CB-E7C8FF95F2FD}.Release|Any CPU.ActiveCfg = Release|Any CPU
		{6BBD332F-F778-4D2E-90CB-E7C8FF95F2FD}.Release|Any CPU.Build.0 = Release|Any CPU
	EndGlobalSection
	GlobalSection(SolutionProperties) = preSolution
		HideSolutionNode = FALSE
	EndGlobalSection
	GlobalSection(ExtensibilityGlobals) = postSolution
		SolutionGuid = {F18CB5AF-CBF7-43E0-BDB8-5036DA6DC843}
	EndGlobalSection
EndGlobal
